// !$*UTF8*$!
{
	archiveVersion = 1;
	classes = {
	};
	objectVersion = 46;
	objects = {

/* Begin PBXBuildFile section */
		A92DE0E5183968FD0044ADCA /* OnlinerMotoPhotoCell.m in Sources */ = {isa = PBXBuildFile; fileRef = A92DE0E4183968FD0044ADCA /* OnlinerMotoPhotoCell.m */; };
		A99A0B7518299D9C00AFF004 /* HTMLNode.m in Sources */ = {isa = PBXBuildFile; fileRef = A99A0B7218299D9C00AFF004 /* HTMLNode.m */; };
		A99A0B7618299D9C00AFF004 /* HTMLParser.m in Sources */ = {isa = PBXBuildFile; fileRef = A99A0B7418299D9C00AFF004 /* HTMLParser.m */; };
		A99A0B7818299DE400AFF004 /* libxml2.dylib in Frameworks */ = {isa = PBXBuildFile; fileRef = A99A0B7718299DE400AFF004 /* libxml2.dylib */; };
		A9D2F1E8182839610047829D /* OnlinerWebVehileItemsProvider.m in Sources */ = {isa = PBXBuildFile; fileRef = A9D2F1E7182839610047829D /* OnlinerWebVehileItemsProvider.m */; };
		A9FAC48D182537ED008F3089 /* UIKit.framework in Frameworks */ = {isa = PBXBuildFile; fileRef = A9FAC48C182537ED008F3089 /* UIKit.framework */; };
		A9FAC48F182537ED008F3089 /* Foundation.framework in Frameworks */ = {isa = PBXBuildFile; fileRef = A9FAC48E182537ED008F3089 /* Foundation.framework */; };
		A9FAC491182537ED008F3089 /* CoreGraphics.framework in Frameworks */ = {isa = PBXBuildFile; fileRef = A9FAC490182537ED008F3089 /* CoreGraphics.framework */; };
		A9FAC493182537ED008F3089 /* CoreData.framework in Frameworks */ = {isa = PBXBuildFile; fileRef = A9FAC492182537ED008F3089 /* CoreData.framework */; };
		A9FAC499182537ED008F3089 /* InfoPlist.strings in Resources */ = {isa = PBXBuildFile; fileRef = A9FAC497182537ED008F3089 /* InfoPlist.strings */; };
		A9FAC49B182537ED008F3089 /* main.m in Sources */ = {isa = PBXBuildFile; fileRef = A9FAC49A182537ED008F3089 /* main.m */; };
		A9FAC49F182537ED008F3089 /* OnlinerMotoAppDelegate.m in Sources */ = {isa = PBXBuildFile; fileRef = A9FAC49E182537ED008F3089 /* OnlinerMotoAppDelegate.m */; };
		A9FAC4A1182537ED008F3089 /* Default.png in Resources */ = {isa = PBXBuildFile; fileRef = A9FAC4A0182537ED008F3089 /* Default.png */; };
		A9FAC4A3182537ED008F3089 /* Default@2x.png in Resources */ = {isa = PBXBuildFile; fileRef = A9FAC4A2182537ED008F3089 /* Default@2x.png */; };
		A9FAC4A5182537ED008F3089 /* Default-568h@2x.png in Resources */ = {isa = PBXBuildFile; fileRef = A9FAC4A4182537ED008F3089 /* Default-568h@2x.png */; };
		A9FAC4A8182537ED008F3089 /* OnlinerMoto.xcdatamodeld in Sources */ = {isa = PBXBuildFile; fileRef = A9FAC4A6182537ED008F3089 /* OnlinerMoto.xcdatamodeld */; };
		A9FAC4B0182537ED008F3089 /* SenTestingKit.framework in Frameworks */ = {isa = PBXBuildFile; fileRef = A9FAC4AF182537ED008F3089 /* SenTestingKit.framework */; };
		A9FAC4B1182537ED008F3089 /* UIKit.framework in Frameworks */ = {isa = PBXBuildFile; fileRef = A9FAC48C182537ED008F3089 /* UIKit.framework */; };
		A9FAC4B2182537ED008F3089 /* Foundation.framework in Frameworks */ = {isa = PBXBuildFile; fileRef = A9FAC48E182537ED008F3089 /* Foundation.framework */; };
		A9FAC4B3182537ED008F3089 /* CoreData.framework in Frameworks */ = {isa = PBXBuildFile; fileRef = A9FAC492182537ED008F3089 /* CoreData.framework */; };
		A9FAC4BB182537ED008F3089 /* InfoPlist.strings in Resources */ = {isa = PBXBuildFile; fileRef = A9FAC4B9182537ED008F3089 /* InfoPlist.strings */; };
		A9FAC4BE182537ED008F3089 /* OnlinerMotoTests.m in Sources */ = {isa = PBXBuildFile; fileRef = A9FAC4BD182537ED008F3089 /* OnlinerMotoTests.m */; };
		A9FAC50218254869008F3089 /* MainStoryboard.storyboard in Resources */ = {isa = PBXBuildFile; fileRef = A9FAC50118254869008F3089 /* MainStoryboard.storyboard */; };
		A9FAC50618254ED5008F3089 /* OnlinerMotoFilterViewController.m in Sources */ = {isa = PBXBuildFile; fileRef = A9FAC50518254ED5008F3089 /* OnlinerMotoFilterViewController.m */; };
		A9FAC50918254F00008F3089 /* OnlinerMotoVehiclesViewController.m in Sources */ = {isa = PBXBuildFile; fileRef = A9FAC50818254F00008F3089 /* OnlinerMotoVehiclesViewController.m */; };
		A9FAC50C18254F1D008F3089 /* OnlinerMotoTaggedViewController.m in Sources */ = {isa = PBXBuildFile; fileRef = A9FAC50B18254F1D008F3089 /* OnlinerMotoTaggedViewController.m */; };
		A9FAC510182570E0008F3089 /* VehicleItemData.m in Sources */ = {isa = PBXBuildFile; fileRef = A9FAC50F182570E0008F3089 /* VehicleItemData.m */; };
		A9FAC51318257134008F3089 /* VehicleItemDetails.m in Sources */ = {isa = PBXBuildFile; fileRef = A9FAC51218257134008F3089 /* VehicleItemDetails.m */; };
		A9FAC5171825C59E008F3089 /* VehicleItem.m in Sources */ = {isa = PBXBuildFile; fileRef = A9FAC5161825C59D008F3089 /* VehicleItem.m */; };
		A9FAC51C1825C8A1008F3089 /* VehicleItemFilter.m in Sources */ = {isa = PBXBuildFile; fileRef = A9FAC51B1825C8A0008F3089 /* VehicleItemFilter.m */; };
		A9FAC5211825C9BE008F3089 /* AVWebVehicleItemsProvider.m in Sources */ = {isa = PBXBuildFile; fileRef = A9FAC5201825C9BE008F3089 /* AVWebVehicleItemsProvider.m */; };
		A9FAC5241825CF78008F3089 /* MockInMemoryVehicleItemsProvider.m in Sources */ = {isa = PBXBuildFile; fileRef = A9FAC5231825CF78008F3089 /* MockInMemoryVehicleItemsProvider.m */; };
		A9FAC5281825E37E008F3089 /* OnlinerMotoVehicleItemCell.m in Sources */ = {isa = PBXBuildFile; fileRef = A9FAC5271825E37E008F3089 /* OnlinerMotoVehicleItemCell.m */; };
		A9FC221B18382C65003B69A3 /* OnlinerMotoVehicleDetailsViewController.m in Sources */ = {isa = PBXBuildFile; fileRef = A9FC221A18382C64003B69A3 /* OnlinerMotoVehicleDetailsViewController.m */; };
/* End PBXBuildFile section */

/* Begin PBXContainerItemProxy section */
		A9FAC4B4182537ED008F3089 /* PBXContainerItemProxy */ = {
			isa = PBXContainerItemProxy;
			containerPortal = A9FAC481182537ED008F3089 /* Project object */;
			proxyType = 1;
			remoteGlobalIDString = A9FAC488182537ED008F3089;
			remoteInfo = OnlinerMoto;
		};
/* End PBXContainerItemProxy section */

/* Begin PBXFileReference section */
		A92DE0E3183968FD0044ADCA /* OnlinerMotoPhotoCell.h */ = {isa = PBXFileReference; fileEncoding = 4; lastKnownFileType = sourcecode.c.h; path = OnlinerMotoPhotoCell.h; sourceTree = "<group>"; };
		A92DE0E4183968FD0044ADCA /* OnlinerMotoPhotoCell.m */ = {isa = PBXFileReference; fileEncoding = 4; lastKnownFileType = sourcecode.c.objc; path = OnlinerMotoPhotoCell.m; sourceTree = "<group>"; };
		A99A0B7118299D9C00AFF004 /* HTMLNode.h */ = {isa = PBXFileReference; fileEncoding = 4; lastKnownFileType = sourcecode.c.h; path = HTMLNode.h; sourceTree = "<group>"; };
		A99A0B7218299D9C00AFF004 /* HTMLNode.m */ = {isa = PBXFileReference; fileEncoding = 4; lastKnownFileType = sourcecode.c.objc; path = HTMLNode.m; sourceTree = "<group>"; };
		A99A0B7318299D9C00AFF004 /* HTMLParser.h */ = {isa = PBXFileReference; fileEncoding = 4; lastKnownFileType = sourcecode.c.h; path = HTMLParser.h; sourceTree = "<group>"; };
		A99A0B7418299D9C00AFF004 /* HTMLParser.m */ = {isa = PBXFileReference; fileEncoding = 4; lastKnownFileType = sourcecode.c.objc; path = HTMLParser.m; sourceTree = "<group>"; };
		A99A0B7718299DE400AFF004 /* libxml2.dylib */ = {isa = PBXFileReference; lastKnownFileType = "compiled.mach-o.dylib"; name = libxml2.dylib; path = usr/lib/libxml2.dylib; sourceTree = SDKROOT; };
		A9D2F1E6182839610047829D /* OnlinerWebVehileItemsProvider.h */ = {isa = PBXFileReference; fileEncoding = 4; lastKnownFileType = sourcecode.c.h; path = OnlinerWebVehileItemsProvider.h; sourceTree = "<group>"; };
		A9D2F1E7182839610047829D /* OnlinerWebVehileItemsProvider.m */ = {isa = PBXFileReference; fileEncoding = 4; lastKnownFileType = sourcecode.c.objc; path = OnlinerWebVehileItemsProvider.m; sourceTree = "<group>"; };
		A9FAC489182537ED008F3089 /* OnlinerMoto.app */ = {isa = PBXFileReference; explicitFileType = wrapper.application; includeInIndex = 0; path = OnlinerMoto.app; sourceTree = BUILT_PRODUCTS_DIR; };
		A9FAC48C182537ED008F3089 /* UIKit.framework */ = {isa = PBXFileReference; lastKnownFileType = wrapper.framework; name = UIKit.framework; path = System/Library/Frameworks/UIKit.framework; sourceTree = SDKROOT; };
		A9FAC48E182537ED008F3089 /* Foundation.framework */ = {isa = PBXFileReference; lastKnownFileType = wrapper.framework; name = Foundation.framework; path = System/Library/Frameworks/Foundation.framework; sourceTree = SDKROOT; };
		A9FAC490182537ED008F3089 /* CoreGraphics.framework */ = {isa = PBXFileReference; lastKnownFileType = wrapper.framework; name = CoreGraphics.framework; path = System/Library/Frameworks/CoreGraphics.framework; sourceTree = SDKROOT; };
		A9FAC492182537ED008F3089 /* CoreData.framework */ = {isa = PBXFileReference; lastKnownFileType = wrapper.framework; name = CoreData.framework; path = System/Library/Frameworks/CoreData.framework; sourceTree = SDKROOT; };
		A9FAC496182537ED008F3089 /* OnlinerMoto-Info.plist */ = {isa = PBXFileReference; lastKnownFileType = text.plist.xml; path = "OnlinerMoto-Info.plist"; sourceTree = "<group>"; };
		A9FAC498182537ED008F3089 /* en */ = {isa = PBXFileReference; lastKnownFileType = text.plist.strings; name = en; path = en.lproj/InfoPlist.strings; sourceTree = "<group>"; };
		A9FAC49A182537ED008F3089 /* main.m */ = {isa = PBXFileReference; lastKnownFileType = sourcecode.c.objc; path = main.m; sourceTree = "<group>"; };
		A9FAC49C182537ED008F3089 /* OnlinerMoto-Prefix.pch */ = {isa = PBXFileReference; lastKnownFileType = sourcecode.c.h; path = "OnlinerMoto-Prefix.pch"; sourceTree = "<group>"; };
		A9FAC49D182537ED008F3089 /* OnlinerMotoAppDelegate.h */ = {isa = PBXFileReference; lastKnownFileType = sourcecode.c.h; path = OnlinerMotoAppDelegate.h; sourceTree = "<group>"; };
		A9FAC49E182537ED008F3089 /* OnlinerMotoAppDelegate.m */ = {isa = PBXFileReference; lastKnownFileType = sourcecode.c.objc; path = OnlinerMotoAppDelegate.m; sourceTree = "<group>"; };
		A9FAC4A0182537ED008F3089 /* Default.png */ = {isa = PBXFileReference; lastKnownFileType = image.png; path = Default.png; sourceTree = "<group>"; };
		A9FAC4A2182537ED008F3089 /* Default@2x.png */ = {isa = PBXFileReference; lastKnownFileType = image.png; path = "Default@2x.png"; sourceTree = "<group>"; };
		A9FAC4A4182537ED008F3089 /* Default-568h@2x.png */ = {isa = PBXFileReference; lastKnownFileType = image.png; path = "Default-568h@2x.png"; sourceTree = "<group>"; };
		A9FAC4A7182537ED008F3089 /* OnlinerMoto.xcdatamodel */ = {isa = PBXFileReference; lastKnownFileType = wrapper.xcdatamodel; path = OnlinerMoto.xcdatamodel; sourceTree = "<group>"; };
		A9FAC4AE182537ED008F3089 /* OnlinerMotoTests.octest */ = {isa = PBXFileReference; explicitFileType = wrapper.cfbundle; includeInIndex = 0; path = OnlinerMotoTests.octest; sourceTree = BUILT_PRODUCTS_DIR; };
		A9FAC4AF182537ED008F3089 /* SenTestingKit.framework */ = {isa = PBXFileReference; lastKnownFileType = wrapper.framework; name = SenTestingKit.framework; path = Library/Frameworks/SenTestingKit.framework; sourceTree = DEVELOPER_DIR; };
		A9FAC4B8182537ED008F3089 /* OnlinerMotoTests-Info.plist */ = {isa = PBXFileReference; lastKnownFileType = text.plist.xml; path = "OnlinerMotoTests-Info.plist"; sourceTree = "<group>"; };
		A9FAC4BA182537ED008F3089 /* en */ = {isa = PBXFileReference; lastKnownFileType = text.plist.strings; name = en; path = en.lproj/InfoPlist.strings; sourceTree = "<group>"; };
		A9FAC4BC182537ED008F3089 /* OnlinerMotoTests.h */ = {isa = PBXFileReference; lastKnownFileType = sourcecode.c.h; path = OnlinerMotoTests.h; sourceTree = "<group>"; };
		A9FAC4BD182537ED008F3089 /* OnlinerMotoTests.m */ = {isa = PBXFileReference; lastKnownFileType = sourcecode.c.objc; path = OnlinerMotoTests.m; sourceTree = "<group>"; };
		A9FAC50118254869008F3089 /* MainStoryboard.storyboard */ = {isa = PBXFileReference; fileEncoding = 4; lastKnownFileType = file.storyboard; path = MainStoryboard.storyboard; sourceTree = "<group>"; };
		A9FAC50418254ED5008F3089 /* OnlinerMotoFilterViewController.h */ = {isa = PBXFileReference; fileEncoding = 4; lastKnownFileType = sourcecode.c.h; path = OnlinerMotoFilterViewController.h; sourceTree = "<group>"; };
		A9FAC50518254ED5008F3089 /* OnlinerMotoFilterViewController.m */ = {isa = PBXFileReference; fileEncoding = 4; lastKnownFileType = sourcecode.c.objc; path = OnlinerMotoFilterViewController.m; sourceTree = "<group>"; };
		A9FAC50718254F00008F3089 /* OnlinerMotoVehiclesViewController.h */ = {isa = PBXFileReference; fileEncoding = 4; lastKnownFileType = sourcecode.c.h; path = OnlinerMotoVehiclesViewController.h; sourceTree = "<group>"; };
		A9FAC50818254F00008F3089 /* OnlinerMotoVehiclesViewController.m */ = {isa = PBXFileReference; fileEncoding = 4; lastKnownFileType = sourcecode.c.objc; path = OnlinerMotoVehiclesViewController.m; sourceTree = "<group>"; };
		A9FAC50A18254F1D008F3089 /* OnlinerMotoTaggedViewController.h */ = {isa = PBXFileReference; fileEncoding = 4; lastKnownFileType = sourcecode.c.h; path = OnlinerMotoTaggedViewController.h; sourceTree = "<group>"; };
		A9FAC50B18254F1D008F3089 /* OnlinerMotoTaggedViewController.m */ = {isa = PBXFileReference; fileEncoding = 4; lastKnownFileType = sourcecode.c.objc; path = OnlinerMotoTaggedViewController.m; sourceTree = "<group>"; };
		A9FAC50E182570E0008F3089 /* VehicleItemData.h */ = {isa = PBXFileReference; fileEncoding = 4; lastKnownFileType = sourcecode.c.h; path = VehicleItemData.h; sourceTree = "<group>"; };
		A9FAC50F182570E0008F3089 /* VehicleItemData.m */ = {isa = PBXFileReference; fileEncoding = 4; lastKnownFileType = sourcecode.c.objc; path = VehicleItemData.m; sourceTree = "<group>"; };
		A9FAC51118257134008F3089 /* VehicleItemDetails.h */ = {isa = PBXFileReference; fileEncoding = 4; lastKnownFileType = sourcecode.c.h; path = VehicleItemDetails.h; sourceTree = "<group>"; };
		A9FAC51218257134008F3089 /* VehicleItemDetails.m */ = {isa = PBXFileReference; fileEncoding = 4; lastKnownFileType = sourcecode.c.objc; path = VehicleItemDetails.m; sourceTree = "<group>"; };
		A9FAC5151825C59D008F3089 /* VehicleItem.h */ = {isa = PBXFileReference; fileEncoding = 4; lastKnownFileType = sourcecode.c.h; path = VehicleItem.h; sourceTree = "<group>"; };
		A9FAC5161825C59D008F3089 /* VehicleItem.m */ = {isa = PBXFileReference; fileEncoding = 4; lastKnownFileType = sourcecode.c.objc; path = VehicleItem.m; sourceTree = "<group>"; };
		A9FAC5191825C626008F3089 /* VehicleItemsProviderProtocol.h */ = {isa = PBXFileReference; lastKnownFileType = sourcecode.c.h; path = VehicleItemsProviderProtocol.h; sourceTree = "<group>"; };
		A9FAC51A1825C8A0008F3089 /* VehicleItemFilter.h */ = {isa = PBXFileReference; fileEncoding = 4; lastKnownFileType = sourcecode.c.h; path = VehicleItemFilter.h; sourceTree = "<group>"; };
		A9FAC51B1825C8A0008F3089 /* VehicleItemFilter.m */ = {isa = PBXFileReference; fileEncoding = 4; lastKnownFileType = sourcecode.c.objc; path = VehicleItemFilter.m; sourceTree = "<group>"; };
		A9FAC51F1825C9BE008F3089 /* AVWebVehicleItemsProvider.h */ = {isa = PBXFileReference; fileEncoding = 4; lastKnownFileType = sourcecode.c.h; path = AVWebVehicleItemsProvider.h; sourceTree = "<group>"; };
		A9FAC5201825C9BE008F3089 /* AVWebVehicleItemsProvider.m */ = {isa = PBXFileReference; fileEncoding = 4; lastKnownFileType = sourcecode.c.objc; path = AVWebVehicleItemsProvider.m; sourceTree = "<group>"; };
		A9FAC5221825CF78008F3089 /* MockInMemoryVehicleItemsProvider.h */ = {isa = PBXFileReference; fileEncoding = 4; lastKnownFileType = sourcecode.c.h; path = MockInMemoryVehicleItemsProvider.h; sourceTree = "<group>"; };
		A9FAC5231825CF78008F3089 /* MockInMemoryVehicleItemsProvider.m */ = {isa = PBXFileReference; fileEncoding = 4; lastKnownFileType = sourcecode.c.objc; path = MockInMemoryVehicleItemsProvider.m; sourceTree = "<group>"; };
		A9FAC5261825E37E008F3089 /* OnlinerMotoVehicleItemCell.h */ = {isa = PBXFileReference; fileEncoding = 4; lastKnownFileType = sourcecode.c.h; path = OnlinerMotoVehicleItemCell.h; sourceTree = "<group>"; };
		A9FAC5271825E37E008F3089 /* OnlinerMotoVehicleItemCell.m */ = {isa = PBXFileReference; fileEncoding = 4; lastKnownFileType = sourcecode.c.objc; path = OnlinerMotoVehicleItemCell.m; sourceTree = "<group>"; };
		A9FC221918382C64003B69A3 /* OnlinerMotoVehicleDetailsViewController.h */ = {isa = PBXFileReference; fileEncoding = 4; lastKnownFileType = sourcecode.c.h; path = OnlinerMotoVehicleDetailsViewController.h; sourceTree = "<group>"; };
		A9FC221A18382C64003B69A3 /* OnlinerMotoVehicleDetailsViewController.m */ = {isa = PBXFileReference; fileEncoding = 4; lastKnownFileType = sourcecode.c.objc; path = OnlinerMotoVehicleDetailsViewController.m; sourceTree = "<group>"; };
/* End PBXFileReference section */

/* Begin PBXFrameworksBuildPhase section */
		A9FAC486182537ED008F3089 /* Frameworks */ = {
			isa = PBXFrameworksBuildPhase;
			buildActionMask = 2147483647;
			files = (
				A99A0B7818299DE400AFF004 /* libxml2.dylib in Frameworks */,
				A9FAC48D182537ED008F3089 /* UIKit.framework in Frameworks */,
				A9FAC48F182537ED008F3089 /* Foundation.framework in Frameworks */,
				A9FAC491182537ED008F3089 /* CoreGraphics.framework in Frameworks */,
				A9FAC493182537ED008F3089 /* CoreData.framework in Frameworks */,
			);
			runOnlyForDeploymentPostprocessing = 0;
		};
		A9FAC4AA182537ED008F3089 /* Frameworks */ = {
			isa = PBXFrameworksBuildPhase;
			buildActionMask = 2147483647;
			files = (
				A9FAC4B0182537ED008F3089 /* SenTestingKit.framework in Frameworks */,
				A9FAC4B1182537ED008F3089 /* UIKit.framework in Frameworks */,
				A9FAC4B2182537ED008F3089 /* Foundation.framework in Frameworks */,
				A9FAC4B3182537ED008F3089 /* CoreData.framework in Frameworks */,
			);
			runOnlyForDeploymentPostprocessing = 0;
		};
/* End PBXFrameworksBuildPhase section */

/* Begin PBXGroup section */
		A99A0B7018299D7600AFF004 /* HTMLParser */ = {
			isa = PBXGroup;
			children = (
				A99A0B7118299D9C00AFF004 /* HTMLNode.h */,
				A99A0B7218299D9C00AFF004 /* HTMLNode.m */,
				A99A0B7318299D9C00AFF004 /* HTMLParser.h */,
				A99A0B7418299D9C00AFF004 /* HTMLParser.m */,
			);
			name = HTMLParser;
			sourceTree = "<group>";
		};
		A9FAC480182537ED008F3089 = {
			isa = PBXGroup;
			children = (
				A9FAC494182537ED008F3089 /* OnlinerMoto */,
				A9FAC4B6182537ED008F3089 /* OnlinerMotoTests */,
				A9FAC48B182537ED008F3089 /* Frameworks */,
				A9FAC48A182537ED008F3089 /* Products */,
			);
			sourceTree = "<group>";
		};
		A9FAC48A182537ED008F3089 /* Products */ = {
			isa = PBXGroup;
			children = (
				A9FAC489182537ED008F3089 /* OnlinerMoto.app */,
				A9FAC4AE182537ED008F3089 /* OnlinerMotoTests.octest */,
			);
			name = Products;
			sourceTree = "<group>";
		};
		A9FAC48B182537ED008F3089 /* Frameworks */ = {
			isa = PBXGroup;
			children = (
				A99A0B7718299DE400AFF004 /* libxml2.dylib */,
				A9FAC48C182537ED008F3089 /* UIKit.framework */,
				A9FAC48E182537ED008F3089 /* Foundation.framework */,
				A9FAC490182537ED008F3089 /* CoreGraphics.framework */,
				A9FAC492182537ED008F3089 /* CoreData.framework */,
				A9FAC4AF182537ED008F3089 /* SenTestingKit.framework */,
			);
			name = Frameworks;
			sourceTree = "<group>";
		};
		A9FAC494182537ED008F3089 /* OnlinerMoto */ = {
			isa = PBXGroup;
			children = (
				A99A0B7018299D7600AFF004 /* HTMLParser */,
				A9FAC5251825E183008F3089 /* ViewModels */,
				A9FAC51D1825C96A008F3089 /* VehicleItemsProviders */,
				A9FAC5181825C5EC008F3089 /* Protocols */,
				A9FAC5141825C1B8008F3089 /* DataEntities */,
				A9FAC50D182570A1008F3089 /* BusinessEntities */,
				A9FAC50318254E21008F3089 /* ViewControllers */,
				A9FAC49D182537ED008F3089 /* OnlinerMotoAppDelegate.h */,
				A9FAC49E182537ED008F3089 /* OnlinerMotoAppDelegate.m */,
				A9FAC4A6182537ED008F3089 /* OnlinerMoto.xcdatamodeld */,
				A9FAC495182537ED008F3089 /* Supporting Files */,
				A9FAC50118254869008F3089 /* MainStoryboard.storyboard */,
			);
			path = OnlinerMoto;
			sourceTree = "<group>";
		};
		A9FAC495182537ED008F3089 /* Supporting Files */ = {
			isa = PBXGroup;
			children = (
				A9FAC496182537ED008F3089 /* OnlinerMoto-Info.plist */,
				A9FAC497182537ED008F3089 /* InfoPlist.strings */,
				A9FAC49A182537ED008F3089 /* main.m */,
				A9FAC49C182537ED008F3089 /* OnlinerMoto-Prefix.pch */,
				A9FAC4A0182537ED008F3089 /* Default.png */,
				A9FAC4A2182537ED008F3089 /* Default@2x.png */,
				A9FAC4A4182537ED008F3089 /* Default-568h@2x.png */,
			);
			name = "Supporting Files";
			sourceTree = "<group>";
		};
		A9FAC4B6182537ED008F3089 /* OnlinerMotoTests */ = {
			isa = PBXGroup;
			children = (
				A9FAC4BC182537ED008F3089 /* OnlinerMotoTests.h */,
				A9FAC4BD182537ED008F3089 /* OnlinerMotoTests.m */,
				A9FAC4B7182537ED008F3089 /* Supporting Files */,
			);
			path = OnlinerMotoTests;
			sourceTree = "<group>";
		};
		A9FAC4B7182537ED008F3089 /* Supporting Files */ = {
			isa = PBXGroup;
			children = (
				A9FAC4B8182537ED008F3089 /* OnlinerMotoTests-Info.plist */,
				A9FAC4B9182537ED008F3089 /* InfoPlist.strings */,
			);
			name = "Supporting Files";
			path = OnlinerMotoTests;
			sourceTree = SOURCE_ROOT;
		};
		A9FAC50318254E21008F3089 /* ViewControllers */ = {
			isa = PBXGroup;
			children = (
				A9FAC50418254ED5008F3089 /* OnlinerMotoFilterViewController.h */,
				A9FAC50518254ED5008F3089 /* OnlinerMotoFilterViewController.m */,
				A9FAC50718254F00008F3089 /* OnlinerMotoVehiclesViewController.h */,
				A9FAC50818254F00008F3089 /* OnlinerMotoVehiclesViewController.m */,
				A9FAC50A18254F1D008F3089 /* OnlinerMotoTaggedViewController.h */,
				A9FAC50B18254F1D008F3089 /* OnlinerMotoTaggedViewController.m */,
				A9FC221918382C64003B69A3 /* OnlinerMotoVehicleDetailsViewController.h */,
				A9FC221A18382C64003B69A3 /* OnlinerMotoVehicleDetailsViewController.m */,
			);
			name = ViewControllers;
			sourceTree = "<group>";
		};
		A9FAC50D182570A1008F3089 /* BusinessEntities */ = {
			isa = PBXGroup;
			children = (
				A9FAC51118257134008F3089 /* VehicleItemDetails.h */,
				A9FAC51218257134008F3089 /* VehicleItemDetails.m */,
				A9FAC5151825C59D008F3089 /* VehicleItem.h */,
				A9FAC5161825C59D008F3089 /* VehicleItem.m */,
				A9FAC51A1825C8A0008F3089 /* VehicleItemFilter.h */,
				A9FAC51B1825C8A0008F3089 /* VehicleItemFilter.m */,
			);
			name = BusinessEntities;
			sourceTree = "<group>";
		};
		A9FAC5141825C1B8008F3089 /* DataEntities */ = {
			isa = PBXGroup;
			children = (
				A9FAC50E182570E0008F3089 /* VehicleItemData.h */,
				A9FAC50F182570E0008F3089 /* VehicleItemData.m */,
			);
			name = DataEntities;
			sourceTree = "<group>";
		};
		A9FAC5181825C5EC008F3089 /* Protocols */ = {
			isa = PBXGroup;
			children = (
				A9FAC5191825C626008F3089 /* VehicleItemsProviderProtocol.h */,
			);
			name = Protocols;
			sourceTree = "<group>";
		};
		A9FAC51D1825C96A008F3089 /* VehicleItemsProviders */ = {
			isa = PBXGroup;
			children = (
				A9FAC51F1825C9BE008F3089 /* AVWebVehicleItemsProvider.h */,
				A9FAC5201825C9BE008F3089 /* AVWebVehicleItemsProvider.m */,
				A9FAC5221825CF78008F3089 /* MockInMemoryVehicleItemsProvider.h */,
				A9FAC5231825CF78008F3089 /* MockInMemoryVehicleItemsProvider.m */,
				A9D2F1E6182839610047829D /* OnlinerWebVehileItemsProvider.h */,
				A9D2F1E7182839610047829D /* OnlinerWebVehileItemsProvider.m */,
			);
			name = VehicleItemsProviders;
			sourceTree = "<group>";
		};
		A9FAC5251825E183008F3089 /* ViewModels */ = {
			isa = PBXGroup;
			children = (
				A9FAC5261825E37E008F3089 /* OnlinerMotoVehicleItemCell.h */,
				A9FAC5271825E37E008F3089 /* OnlinerMotoVehicleItemCell.m */,
				A92DE0E3183968FD0044ADCA /* OnlinerMotoPhotoCell.h */,
				A92DE0E4183968FD0044ADCA /* OnlinerMotoPhotoCell.m */,
			);
			name = ViewModels;
			sourceTree = "<group>";
		};
/* End PBXGroup section */

/* Begin PBXNativeTarget section */
		A9FAC488182537ED008F3089 /* OnlinerMoto */ = {
			isa = PBXNativeTarget;
			buildConfigurationList = A9FAC4C1182537ED008F3089 /* Build configuration list for PBXNativeTarget "OnlinerMoto" */;
			buildPhases = (
				A9FAC485182537ED008F3089 /* Sources */,
				A9FAC486182537ED008F3089 /* Frameworks */,
				A9FAC487182537ED008F3089 /* Resources */,
			);
			buildRules = (
			);
			dependencies = (
			);
			name = OnlinerMoto;
			productName = OnlinerMoto;
			productReference = A9FAC489182537ED008F3089 /* OnlinerMoto.app */;
			productType = "com.apple.product-type.application";
		};
		A9FAC4AD182537ED008F3089 /* OnlinerMotoTests */ = {
			isa = PBXNativeTarget;
			buildConfigurationList = A9FAC4C4182537ED008F3089 /* Build configuration list for PBXNativeTarget "OnlinerMotoTests" */;
			buildPhases = (
				A9FAC4A9182537ED008F3089 /* Sources */,
				A9FAC4AA182537ED008F3089 /* Frameworks */,
				A9FAC4AB182537ED008F3089 /* Resources */,
				A9FAC4AC182537ED008F3089 /* ShellScript */,
			);
			buildRules = (
			);
			dependencies = (
				A9FAC4B5182537ED008F3089 /* PBXTargetDependency */,
			);
			name = OnlinerMotoTests;
			productName = OnlinerMotoTests;
			productReference = A9FAC4AE182537ED008F3089 /* OnlinerMotoTests.octest */;
			productType = "com.apple.product-type.bundle";
		};
/* End PBXNativeTarget section */

/* Begin PBXProject section */
		A9FAC481182537ED008F3089 /* Project object */ = {
			isa = PBXProject;
			attributes = {
				CLASSPREFIX = OnlinerMoto;
				LastUpgradeCheck = 0460;
				ORGANIZATIONNAME = KarpovIV;
			};
			buildConfigurationList = A9FAC484182537ED008F3089 /* Build configuration list for PBXProject "OnlinerMoto" */;
			compatibilityVersion = "Xcode 3.2";
			developmentRegion = English;
			hasScannedForEncodings = 0;
			knownRegions = (
				en,
			);
			mainGroup = A9FAC480182537ED008F3089;
			productRefGroup = A9FAC48A182537ED008F3089 /* Products */;
			projectDirPath = "";
			projectRoot = "";
			targets = (
				A9FAC488182537ED008F3089 /* OnlinerMoto */,
				A9FAC4AD182537ED008F3089 /* OnlinerMotoTests */,
			);
		};
/* End PBXProject section */

/* Begin PBXResourcesBuildPhase section */
		A9FAC487182537ED008F3089 /* Resources */ = {
			isa = PBXResourcesBuildPhase;
			buildActionMask = 2147483647;
			files = (
				A9FAC499182537ED008F3089 /* InfoPlist.strings in Resources */,
				A9FAC4A1182537ED008F3089 /* Default.png in Resources */,
				A9FAC4A3182537ED008F3089 /* Default@2x.png in Resources */,
				A9FAC4A5182537ED008F3089 /* Default-568h@2x.png in Resources */,
				A9FAC50218254869008F3089 /* MainStoryboard.storyboard in Resources */,
			);
			runOnlyForDeploymentPostprocessing = 0;
		};
		A9FAC4AB182537ED008F3089 /* Resources */ = {
			isa = PBXResourcesBuildPhase;
			buildActionMask = 2147483647;
			files = (
				A9FAC4BB182537ED008F3089 /* InfoPlist.strings in Resources */,
			);
			runOnlyForDeploymentPostprocessing = 0;
		};
/* End PBXResourcesBuildPhase section */

/* Begin PBXShellScriptBuildPhase section */
		A9FAC4AC182537ED008F3089 /* ShellScript */ = {
			isa = PBXShellScriptBuildPhase;
			buildActionMask = 2147483647;
			files = (
			);
			inputPaths = (
			);
			outputPaths = (
			);
			runOnlyForDeploymentPostprocessing = 0;
			shellPath = /bin/sh;
			shellScript = "# Run the unit tests in this test bundle.\n\"${SYSTEM_DEVELOPER_DIR}/Tools/RunUnitTests\"\n";
		};
/* End PBXShellScriptBuildPhase section */

/* Begin PBXSourcesBuildPhase section */
		A9FAC485182537ED008F3089 /* Sources */ = {
			isa = PBXSourcesBuildPhase;
			buildActionMask = 2147483647;
			files = (
				A9FAC49B182537ED008F3089 /* main.m in Sources */,
				A9FAC49F182537ED008F3089 /* OnlinerMotoAppDelegate.m in Sources */,
				A9FAC4A8182537ED008F3089 /* OnlinerMoto.xcdatamodeld in Sources */,
				A9FAC50618254ED5008F3089 /* OnlinerMotoFilterViewController.m in Sources */,
				A9FAC50918254F00008F3089 /* OnlinerMotoVehiclesViewController.m in Sources */,
				A9FAC50C18254F1D008F3089 /* OnlinerMotoTaggedViewController.m in Sources */,
				A9FAC510182570E0008F3089 /* VehicleItemData.m in Sources */,
				A9FAC51318257134008F3089 /* VehicleItemDetails.m in Sources */,
				A9FAC5171825C59E008F3089 /* VehicleItem.m in Sources */,
				A9FAC51C1825C8A1008F3089 /* VehicleItemFilter.m in Sources */,
				A9FAC5211825C9BE008F3089 /* AVWebVehicleItemsProvider.m in Sources */,
				A9FAC5241825CF78008F3089 /* MockInMemoryVehicleItemsProvider.m in Sources */,
				A9FAC5281825E37E008F3089 /* OnlinerMotoVehicleItemCell.m in Sources */,
				A9D2F1E8182839610047829D /* OnlinerWebVehileItemsProvider.m in Sources */,
				A99A0B7518299D9C00AFF004 /* HTMLNode.m in Sources */,
				A99A0B7618299D9C00AFF004 /* HTMLParser.m in Sources */,
				A9FC221B18382C65003B69A3 /* OnlinerMotoVehicleDetailsViewController.m in Sources */,
				A92DE0E5183968FD0044ADCA /* OnlinerMotoPhotoCell.m in Sources */,
			);
			runOnlyForDeploymentPostprocessing = 0;
		};
		A9FAC4A9182537ED008F3089 /* Sources */ = {
			isa = PBXSourcesBuildPhase;
			buildActionMask = 2147483647;
			files = (
				A9FAC4BE182537ED008F3089 /* OnlinerMotoTests.m in Sources */,
			);
			runOnlyForDeploymentPostprocessing = 0;
		};
/* End PBXSourcesBuildPhase section */

/* Begin PBXTargetDependency section */
		A9FAC4B5182537ED008F3089 /* PBXTargetDependency */ = {
			isa = PBXTargetDependency;
			target = A9FAC488182537ED008F3089 /* OnlinerMoto */;
			targetProxy = A9FAC4B4182537ED008F3089 /* PBXContainerItemProxy */;
		};
/* End PBXTargetDependency section */

/* Begin PBXVariantGroup section */
		A9FAC497182537ED008F3089 /* InfoPlist.strings */ = {
			isa = PBXVariantGroup;
			children = (
				A9FAC498182537ED008F3089 /* en */,
			);
			name = InfoPlist.strings;
			sourceTree = "<group>";
		};
		A9FAC4B9182537ED008F3089 /* InfoPlist.strings */ = {
			isa = PBXVariantGroup;
			children = (
				A9FAC4BA182537ED008F3089 /* en */,
			);
			name = InfoPlist.strings;
			sourceTree = "<group>";
		};
/* End PBXVariantGroup section */

/* Begin XCBuildConfiguration section */
		A9FAC4BF182537ED008F3089 /* Debug */ = {
			isa = XCBuildConfiguration;
			buildSettings = {
				ALWAYS_SEARCH_USER_PATHS = NO;
				CLANG_CXX_LANGUAGE_STANDARD = "gnu++0x";
				CLANG_CXX_LIBRARY = "libc++";
				CLANG_ENABLE_OBJC_ARC = YES;
				CLANG_WARN_CONSTANT_CONVERSION = YES;
				CLANG_WARN_EMPTY_BODY = YES;
				CLANG_WARN_ENUM_CONVERSION = YES;
				CLANG_WARN_INT_CONVERSION = YES;
				CLANG_WARN__DUPLICATE_METHOD_MATCH = YES;
				"CODE_SIGN_IDENTITY[sdk=iphoneos*]" = "iPhone Developer";
				COPY_PHASE_STRIP = NO;
				GCC_C_LANGUAGE_STANDARD = gnu99;
				GCC_DYNAMIC_NO_PIC = NO;
				GCC_OPTIMIZATION_LEVEL = 0;
				GCC_PREPROCESSOR_DEFINITIONS = (
					"DEBUG=1",
					"$(inherited)",
				);
				GCC_SYMBOLS_PRIVATE_EXTERN = NO;
				GCC_WARN_ABOUT_RETURN_TYPE = YES;
				GCC_WARN_UNINITIALIZED_AUTOS = YES;
				GCC_WARN_UNUSED_VARIABLE = YES;
				IPHONEOS_DEPLOYMENT_TARGET = 6.1;
				ONLY_ACTIVE_ARCH = YES;
				SDKROOT = iphoneos;
			};
			name = Debug;
		};
		A9FAC4C0182537ED008F3089 /* Release */ = {
			isa = XCBuildConfiguration;
			buildSettings = {
				ALWAYS_SEARCH_USER_PATHS = NO;
				CLANG_CXX_LANGUAGE_STANDARD = "gnu++0x";
				CLANG_CXX_LIBRARY = "libc++";
				CLANG_ENABLE_OBJC_ARC = YES;
				CLANG_WARN_CONSTANT_CONVERSION = YES;
				CLANG_WARN_EMPTY_BODY = YES;
				CLANG_WARN_ENUM_CONVERSION = YES;
				CLANG_WARN_INT_CONVERSION = YES;
				CLANG_WARN__DUPLICATE_METHOD_MATCH = YES;
				"CODE_SIGN_IDENTITY[sdk=iphoneos*]" = "iPhone Developer";
				COPY_PHASE_STRIP = YES;
				GCC_C_LANGUAGE_STANDARD = gnu99;
				GCC_WARN_ABOUT_RETURN_TYPE = YES;
				GCC_WARN_UNINITIALIZED_AUTOS = YES;
				GCC_WARN_UNUSED_VARIABLE = YES;
				IPHONEOS_DEPLOYMENT_TARGET = 6.1;
				OTHER_CFLAGS = "-DNS_BLOCK_ASSERTIONS=1";
				SDKROOT = iphoneos;
				VALIDATE_PRODUCT = YES;
			};
			name = Release;
		};
		A9FAC4C2182537ED008F3089 /* Debug */ = {
			isa = XCBuildConfiguration;
			buildSettings = {
				GCC_PRECOMPILE_PREFIX_HEADER = YES;
				GCC_PREFIX_HEADER = "OnlinerMoto/OnlinerMoto-Prefix.pch";
				"HEADER_SEARCH_PATHS[arch=*]" = /usr/include/libxml2;
				INFOPLIST_FILE = "OnlinerMoto/OnlinerMoto-Info.plist";
				PRODUCT_NAME = "$(TARGET_NAME)";
				WRAPPER_EXTENSION = app;
			};
			name = Debug;
		};
		A9FAC4C3182537ED008F3089 /* Release */ = {
			isa = XCBuildConfiguration;
			buildSettings = {
				GCC_PRECOMPILE_PREFIX_HEADER = YES;
				GCC_PREFIX_HEADER = "OnlinerMoto/OnlinerMoto-Prefix.pch";
				"HEADER_SEARCH_PATHS[arch=*]" = /usr/include/libxml2;
				INFOPLIST_FILE = "OnlinerMoto/OnlinerMoto-Info.plist";
				PRODUCT_NAME = "$(TARGET_NAME)";
				WRAPPER_EXTENSION = app;
			};
			name = Release;
		};
		A9FAC4C5182537ED008F3089 /* Debug */ = {
			isa = XCBuildConfiguration;
			buildSettings = {
				BUNDLE_LOADER = "$(BUILT_PRODUCTS_DIR)/OnlinerMoto.app/OnlinerMoto";
				FRAMEWORK_SEARCH_PATHS = (
					"\"$(SDKROOT)/Developer/Library/Frameworks\"",
					"\"$(DEVELOPER_LIBRARY_DIR)/Frameworks\"",
				);
				GCC_PRECOMPILE_PREFIX_HEADER = YES;
				GCC_PREFIX_HEADER = "OnlinerMoto/OnlinerMoto-Prefix.pch";
				INFOPLIST_FILE = "OnlinerMotoTests/OnlinerMotoTests-Info.plist";
				PRODUCT_NAME = "$(TARGET_NAME)";
				TEST_HOST = "$(BUNDLE_LOADER)";
				WRAPPER_EXTENSION = octest;
			};
			name = Debug;
		};
		A9FAC4C6182537ED008F3089 /* Release */ = {
			isa = XCBuildConfiguration;
			buildSettings = {
				BUNDLE_LOADER = "$(BUILT_PRODUCTS_DIR)/OnlinerMoto.app/OnlinerMoto";
				FRAMEWORK_SEARCH_PATHS = (
					"\"$(SDKROOT)/Developer/Library/Frameworks\"",
					"\"$(DEVELOPER_LIBRARY_DIR)/Frameworks\"",
				);
				GCC_PRECOMPILE_PREFIX_HEADER = YES;
				GCC_PREFIX_HEADER = "OnlinerMoto/OnlinerMoto-Prefix.pch";
				INFOPLIST_FILE = "OnlinerMotoTests/OnlinerMotoTests-Info.plist";
				PRODUCT_NAME = "$(TARGET_NAME)";
				TEST_HOST = "$(BUNDLE_LOADER)";
				WRAPPER_EXTENSION = octest;
			};
			name = Release;
		};
/* End XCBuildConfiguration section */

/* Begin XCConfigurationList section */
		A9FAC484182537ED008F3089 /* Build configuration list for PBXProject "OnlinerMoto" */ = {
			isa = XCConfigurationList;
			buildConfigurations = (
				A9FAC4BF182537ED008F3089 /* Debug */,
				A9FAC4C0182537ED008F3089 /* Release */,
			);
			defaultConfigurationIsVisible = 0;
			defaultConfigurationName = Release;
		};
		A9FAC4C1182537ED008F3089 /* Build configuration list for PBXNativeTarget "OnlinerMoto" */ = {
			isa = XCConfigurationList;
			buildConfigurations = (
				A9FAC4C2182537ED008F3089 /* Debug */,
				A9FAC4C3182537ED008F3089 /* Release */,
			);
			defaultConfigurationIsVisible = 0;
			defaultConfigurationName = Release;
		};
		A9FAC4C4182537ED008F3089 /* Build configuration list for PBXNativeTarget "OnlinerMotoTests" */ = {
			isa = XCConfigurationList;
			buildConfigurations = (
				A9FAC4C5182537ED008F3089 /* Debug */,
				A9FAC4C6182537ED008F3089 /* Release */,
			);
			defaultConfigurationIsVisible = 0;
			defaultConfigurationName = Release;
		};
/* End XCConfigurationList section */

/* Begin XCVersionGroup section */
		A9FAC4A6182537ED008F3089 /* OnlinerMoto.xcdatamodeld */ = {
			isa = XCVersionGroup;
			children = (
				A9FAC4A7182537ED008F3089 /* OnlinerMoto.xcdatamodel */,
			);
			currentVersion = A9FAC4A7182537ED008F3089 /* OnlinerMoto.xcdatamodel */;
			path = OnlinerMoto.xcdatamodeld;
			sourceTree = "<group>";
			versionGroupType = wrapper.xcdatamodel;
		};
/* End XCVersionGroup section */
	};
	rootObject = A9FAC481182537ED008F3089 /* Project object */;
}
